{
  "pins" : [
    {
      "identity" : "espeak-ng-spm",
      "kind" : "remoteSourceControl",
      "location" : "https://github.com/1Carl/espeak-ng-spm.git",
      "state" : {
        "revision" : "70a68a4d5d50a244643f7e578a37bd3fa7d9aa6f",
        "version" : "1.1.3"
      }
    }
  ],
  "version" : 2
}
